# This file is automatically @generated by Wally.
# It is not intended for manual editing.
registry = "test"

[[package]]
name = "1foreverhd/janitor"
version = "1.18.15"
dependencies = []

[[package]]
name = "1foreverhd/topbarplus"
version = "3.4.0"
dependencies = []

[[package]]
name = "csqrl/colour-utils"
version = "1.4.1"
dependencies = []

[[package]]
name = "csqrl/sift"
version = "0.0.11"
dependencies = []

[[package]]
name = "elttob/fusion"
version = "0.3.0"
dependencies = []

[[package]]
name = "imavafe/bootloader"
version = "0.1.0"
dependencies = []

[[package]]
name = "imavafe/onyx-ui"
version = "1.0.1"
dependencies = [["ColorUtils", "csqrl/colour-utils@1.4.1"], ["Fusion", "elttob/fusion@0.3.0"]]

[[package]]
name = "imavafe/stator"
version = "0.1.2"
dependencies = [["TableUtil", "sleitnick/table-util@1.2.1"]]

[[package]]
name = "nanoblox/hd-admin"
version = "2.0.0"
dependencies = [["Bootloader", "imavafe/bootloader@0.1.0"], ["ColorUtils", "csqrl/colour-utils@1.4.1"], ["Fusion", "elttob/fusion@0.3.0"], ["Future", "red-blox/future@1.0.1"], ["Janitor", "1foreverhd/janitor@1.18.15"], ["OnyxUI", "imavafe/onyx-ui@1.0.1"], ["Sift", "csqrl/sift@0.0.11"], ["Signal", "sleitnick/signal@2.0.3"], ["Stator", "imavafe/stator@0.1.2"], ["TopbarPlus", "1foreverhd/topbarplus@3.4.0"]]

[[package]]
name = "red-blox/future"
version = "1.0.1"
dependencies = [["Spawn", "red-blox/spawn@1.1.0"]]

[[package]]
name = "red-blox/spawn"
version = "1.1.0"
dependencies = []

[[package]]
name = "sleitnick/signal"
version = "2.0.3"
dependencies = []

[[package]]
name = "sleitnick/table-util"
version = "1.2.1"
dependencies = []
