# This file is automatically @generated by Wally.
# It is not intended for manual editing.
registry = "test"

[[package]]
name = "1foreverhd/janitor"
version = "1.18.12"
dependencies = [["Promise", "howmanysmall/typed-promise@4.0.6"]]

[[package]]
name = "1foreverhd/topbarplus"
version = "3.2.4"
dependencies = []

[[package]]
name = "evaera/promise"
version = "4.0.0"
dependencies = []

[[package]]
name = "howmanysmall/typed-promise"
version = "4.0.6"
dependencies = [["Promise", "evaera/promise@4.0.0"]]

[[package]]
name = "nanoblox/hd-admin"
version = "2.0.0"
dependencies = [["janitor", "1foreverhd/janitor@1.18.12"], ["promise", "howmanysmall/typed-promise@4.0.6"], ["topbarplus", "1foreverhd/topbarplus@3.2.4"]]
